// !$*UTF8*$!
{
	archiveVersion = 1;
	classes = {
	};
	objectVersion = 46;
	objects = {

/* Begin PBXBuildFile section */
		65DC124B1D51881D00C458F5 /* AppDelegate.swift in Sources */ = {isa = PBXBuildFile; fileRef = 65DC124A1D51881D00C458F5 /* AppDelegate.swift */; };
		65DC124D1D51881D00C458F5 /* ViewController.swift in Sources */ = {isa = PBXBuildFile; fileRef = 65DC124C1D51881D00C458F5 /* ViewController.swift */; };
		65DC12501D51881D00C458F5 /* Main.storyboard in Resources */ = {isa = PBXBuildFile; fileRef = 65DC124E1D51881D00C458F5 /* Main.storyboard */; };
		65DC12521D51881D00C458F5 /* Assets.xcassets in Resources */ = {isa = PBXBuildFile; fileRef = 65DC12511D51881D00C458F5 /* Assets.xcassets */; };
		65DC12551D51881D00C458F5 /* LaunchScreen.storyboard in Resources */ = {isa = PBXBuildFile; fileRef = 65DC12531D51881D00C458F5 /* LaunchScreen.storyboard */; };
		65DC12601D51881D00C458F5 /* calabash_defaultTests.swift in Sources */ = {isa = PBXBuildFile; fileRef = 65DC125F1D51881D00C458F5 /* calabash_defaultTests.swift */; };
		65DC126B1D51881D00C458F5 /* calabash_defaultUITests.swift in Sources */ = {isa = PBXBuildFile; fileRef = 65DC126A1D51881D00C458F5 /* calabash_defaultUITests.swift */; };
/* End PBXBuildFile section */

/* Begin PBXContainerItemProxy section */
		65DC125C1D51881D00C458F5 /* PBXContainerItemProxy */ = {
			isa = PBXContainerItemProxy;
			containerPortal = 65DC123F1D51881D00C458F5 /* Project object */;
			proxyType = 1;
			remoteGlobalIDString = 65DC12461D51881D00C458F5;
			remoteInfo = calabash_default;
		};
		65DC12671D51881D00C458F5 /* PBXContainerItemProxy */ = {
			isa = PBXContainerItemProxy;
			containerPortal = 65DC123F1D51881D00C458F5 /* Project object */;
			proxyType = 1;
			remoteGlobalIDString = 65DC12461D51881D00C458F5;
			remoteInfo = calabash_default;
		};
/* End PBXContainerItemProxy section */

/* Begin PBXFileReference section */
		65DC12471D51881D00C458F5 /* calabash_default.app */ = {isa = PBXFileReference; explicitFileType = wrapper.application; includeInIndex = 0; path = calabash_default.app; sourceTree = BUILT_PRODUCTS_DIR; };
		65DC124A1D51881D00C458F5 /* AppDelegate.swift */ = {isa = PBXFileReference; lastKnownFileType = sourcecode.swift; path = AppDelegate.swift; sourceTree = "<group>"; };
		65DC124C1D51881D00C458F5 /* ViewController.swift */ = {isa = PBXFileReference; lastKnownFileType = sourcecode.swift; path = ViewController.swift; sourceTree = "<group>"; };
		65DC124F1D51881D00C458F5 /* Base */ = {isa = PBXFileReference; lastKnownFileType = file.storyboard; name = Base; path = Base.lproj/Main.storyboard; sourceTree = "<group>"; };
		65DC12511D51881D00C458F5 /* Assets.xcassets */ = {isa = PBXFileReference; lastKnownFileType = folder.assetcatalog; path = Assets.xcassets; sourceTree = "<group>"; };
		65DC12541D51881D00C458F5 /* Base */ = {isa = PBXFileReference; lastKnownFileType = file.storyboard; name = Base; path = Base.lproj/LaunchScreen.storyboard; sourceTree = "<group>"; };
		65DC12561D51881D00C458F5 /* Info.plist */ = {isa = PBXFileReference; lastKnownFileType = text.plist.xml; path = Info.plist; sourceTree = "<group>"; };
		65DC125B1D51881D00C458F5 /* calabash_defaultTests.xctest */ = {isa = PBXFileReference; explicitFileType = wrapper.cfbundle; includeInIndex = 0; path = calabash_defaultTests.xctest; sourceTree = BUILT_PRODUCTS_DIR; };
		65DC125F1D51881D00C458F5 /* calabash_defaultTests.swift */ = {isa = PBXFileReference; lastKnownFileType = sourcecode.swift; path = calabash_defaultTests.swift; sourceTree = "<group>"; };
		65DC12611D51881D00C458F5 /* Info.plist */ = {isa = PBXFileReference; lastKnownFileType = text.plist.xml; path = Info.plist; sourceTree = "<group>"; };
		65DC12661D51881D00C458F5 /* calabash_defaultUITests.xctest */ = {isa = PBXFileReference; explicitFileType = wrapper.cfbundle; includeInIndex = 0; path = calabash_defaultUITests.xctest; sourceTree = BUILT_PRODUCTS_DIR; };
		65DC126A1D51881D00C458F5 /* calabash_defaultUITests.swift */ = {isa = PBXFileReference; lastKnownFileType = sourcecode.swift; path = calabash_defaultUITests.swift; sourceTree = "<group>"; };
		65DC126C1D51881D00C458F5 /* Info.plist */ = {isa = PBXFileReference; lastKnownFileType = text.plist.xml; path = Info.plist; sourceTree = "<group>"; };
/* End PBXFileReference section */

/* Begin PBXFrameworksBuildPhase section */
		65DC12441D51881D00C458F5 /* Frameworks */ = {
			isa = PBXFrameworksBuildPhase;
			buildActionMask = 2147483647;
			files = (
			);
			runOnlyForDeploymentPostprocessing = 0;
		};
		65DC12581D51881D00C458F5 /* Frameworks */ = {
			isa = PBXFrameworksBuildPhase;
			buildActionMask = 2147483647;
			files = (
			);
			runOnlyForDeploymentPostprocessing = 0;
		};
		65DC12631D51881D00C458F5 /* Frameworks */ = {
			isa = PBXFrameworksBuildPhase;
			buildActionMask = 2147483647;
			files = (
			);
			runOnlyForDeploymentPostprocessing = 0;
		};
/* End PBXFrameworksBuildPhase section */

/* Begin PBXGroup section */
		65DC123E1D51881D00C458F5 = {
			isa = PBXGroup;
			children = (
				65DC12491D51881D00C458F5 /* calabash_default */,
				65DC125E1D51881D00C458F5 /* calabash_defaultTests */,
				65DC12691D51881D00C458F5 /* calabash_defaultUITests */,
				65DC12481D51881D00C458F5 /* Products */,
			);
			sourceTree = "<group>";
		};
		65DC12481D51881D00C458F5 /* Products */ = {
			isa = PBXGroup;
			children = (
				65DC12471D51881D00C458F5 /* calabash_default.app */,
				65DC125B1D51881D00C458F5 /* calabash_defaultTests.xctest */,
				65DC12661D51881D00C458F5 /* calabash_defaultUITests.xctest */,
			);
			name = Products;
			sourceTree = "<group>";
		};
		65DC12491D51881D00C458F5 /* calabash_default */ = {
			isa = PBXGroup;
			children = (
				65DC124A1D51881D00C458F5 /* AppDelegate.swift */,
				65DC124C1D51881D00C458F5 /* ViewController.swift */,
				65DC124E1D51881D00C458F5 /* Main.storyboard */,
				65DC12511D51881D00C458F5 /* Assets.xcassets */,
				65DC12531D51881D00C458F5 /* LaunchScreen.storyboard */,
				65DC12561D51881D00C458F5 /* Info.plist */,
			);
			path = calabash_default;
			sourceTree = "<group>";
		};
		65DC125E1D51881D00C458F5 /* calabash_defaultTests */ = {
			isa = PBXGroup;
			children = (
				65DC125F1D51881D00C458F5 /* calabash_defaultTests.swift */,
				65DC12611D51881D00C458F5 /* Info.plist */,
			);
			path = calabash_defaultTests;
			sourceTree = "<group>";
		};
		65DC12691D51881D00C458F5 /* calabash_defaultUITests */ = {
			isa = PBXGroup;
			children = (
				65DC126A1D51881D00C458F5 /* calabash_defaultUITests.swift */,
				65DC126C1D51881D00C458F5 /* Info.plist */,
			);
			path = calabash_defaultUITests;
			sourceTree = "<group>";
		};
/* End PBXGroup section */

/* Begin PBXNativeTarget section */
		65DC12461D51881D00C458F5 /* calabash_default */ = {
			isa = PBXNativeTarget;
			buildConfigurationList = 65DC126F1D51881D00C458F5 /* Build configuration list for PBXNativeTarget "calabash_default" */;
			buildPhases = (
				65DC12431D51881D00C458F5 /* Sources */,
				65DC12441D51881D00C458F5 /* Frameworks */,
				65DC12451D51881D00C458F5 /* Resources */,
			);
			buildRules = (
			);
			dependencies = (
			);
			name = calabash_default;
			productName = calabash_default;
			productReference = 65DC12471D51881D00C458F5 /* calabash_default.app */;
			productType = "com.apple.product-type.application";
		};
		65DC125A1D51881D00C458F5 /* calabash_defaultTests */ = {
			isa = PBXNativeTarget;
			buildConfigurationList = 65DC12721D51881D00C458F5 /* Build configuration list for PBXNativeTarget "calabash_defaultTests" */;
			buildPhases = (
				65DC12571D51881D00C458F5 /* Sources */,
				65DC12581D51881D00C458F5 /* Frameworks */,
				65DC12591D51881D00C458F5 /* Resources */,
			);
			buildRules = (
			);
			dependencies = (
				65DC125D1D51881D00C458F5 /* PBXTargetDependency */,
			);
			name = calabash_defaultTests;
			productName = calabash_defaultTests;
			productReference = 65DC125B1D51881D00C458F5 /* calabash_defaultTests.xctest */;
			productType = "com.apple.product-type.bundle.unit-test";
		};
		65DC12651D51881D00C458F5 /* calabash_defaultUITests */ = {
			isa = PBXNativeTarget;
			buildConfigurationList = 65DC12751D51881D00C458F5 /* Build configuration list for PBXNativeTarget "calabash_defaultUITests" */;
			buildPhases = (
				65DC12621D51881D00C458F5 /* Sources */,
				65DC12631D51881D00C458F5 /* Frameworks */,
				65DC12641D51881D00C458F5 /* Resources */,
			);
			buildRules = (
			);
			dependencies = (
				65DC12681D51881D00C458F5 /* PBXTargetDependency */,
			);
			name = calabash_defaultUITests;
			productName = calabash_defaultUITests;
			productReference = 65DC12661D51881D00C458F5 /* calabash_defaultUITests.xctest */;
			productType = "com.apple.product-type.bundle.ui-testing";
		};
/* End PBXNativeTarget section */

/* Begin PBXProject section */
		65DC123F1D51881D00C458F5 /* Project object */ = {
			isa = PBXProject;
			attributes = {
				LastSwiftUpdateCheck = 0730;
				LastUpgradeCheck = 0730;
				ORGANIZATIONNAME = TulioBZ;
				TargetAttributes = {
					65DC12461D51881D00C458F5 = {
						CreatedOnToolsVersion = 7.3.1;
					};
					65DC125A1D51881D00C458F5 = {
						CreatedOnToolsVersion = 7.3.1;
						TestTargetID = 65DC12461D51881D00C458F5;
					};
					65DC12651D51881D00C458F5 = {
						CreatedOnToolsVersion = 7.3.1;
						TestTargetID = 65DC12461D51881D00C458F5;
					};
				};
			};
			buildConfigurationList = 65DC12421D51881D00C458F5 /* Build configuration list for PBXProject "calabash_default" */;
			compatibilityVersion = "Xcode 3.2";
			developmentRegion = English;
			hasScannedForEncodings = 0;
			knownRegions = (
				en,
				Base,
			);
			mainGroup = 65DC123E1D51881D00C458F5;
			productRefGroup = 65DC12481D51881D00C458F5 /* Products */;
			projectDirPath = "";
			projectRoot = "";
			targets = (
				65DC12461D51881D00C458F5 /* calabash_default */,
				65DC125A1D51881D00C458F5 /* calabash_defaultTests */,
				65DC12651D51881D00C458F5 /* calabash_defaultUITests */,
			);
		};
/* End PBXProject section */

/* Begin PBXResourcesBuildPhase section */
		65DC12451D51881D00C458F5 /* Resources */ = {
			isa = PBXResourcesBuildPhase;
			buildActionMask = 2147483647;
			files = (
				65DC12551D51881D00C458F5 /* LaunchScreen.storyboard in Resources */,
				65DC12521D51881D00C458F5 /* Assets.xcassets in Resources */,
				65DC12501D51881D00C458F5 /* Main.storyboard in Resources */,
			);
			runOnlyForDeploymentPostprocessing = 0;
		};
		65DC12591D51881D00C458F5 /* Resources */ = {
			isa = PBXResourcesBuildPhase;
			buildActionMask = 2147483647;
			files = (
			);
			runOnlyForDeploymentPostprocessing = 0;
		};
		65DC12641D51881D00C458F5 /* Resources */ = {
			isa = PBXResourcesBuildPhase;
			buildActionMask = 2147483647;
			files = (
			);
			runOnlyForDeploymentPostprocessing = 0;
		};
/* End PBXResourcesBuildPhase section */

/* Begin PBXSourcesBuildPhase section */
		65DC12431D51881D00C458F5 /* Sources */ = {
			isa = PBXSourcesBuildPhase;
			buildActionMask = 2147483647;
			files = (
				65DC124D1D51881D00C458F5 /* ViewController.swift in Sources */,
				65DC124B1D51881D00C458F5 /* AppDelegate.swift in Sources */,
			);
			runOnlyForDeploymentPostprocessing = 0;
		};
		65DC12571D51881D00C458F5 /* Sources */ = {
			isa = PBXSourcesBuildPhase;
			buildActionMask = 2147483647;
			files = (
				65DC12601D51881D00C458F5 /* calabash_defaultTests.swift in Sources */,
			);
			runOnlyForDeploymentPostprocessing = 0;
		};
		65DC12621D51881D00C458F5 /* Sources */ = {
			isa = PBXSourcesBuildPhase;
			buildActionMask = 2147483647;
			files = (
				65DC126B1D51881D00C458F5 /* calabash_defaultUITests.swift in Sources */,
			);
			runOnlyForDeploymentPostprocessing = 0;
		};
/* End PBXSourcesBuildPhase section */

/* Begin PBXTargetDependency section */
		65DC125D1D51881D00C458F5 /* PBXTargetDependency */ = {
			isa = PBXTargetDependency;
			target = 65DC12461D51881D00C458F5 /* calabash_default */;
			targetProxy = 65DC125C1D51881D00C458F5 /* PBXContainerItemProxy */;
		};
		65DC12681D51881D00C458F5 /* PBXTargetDependency */ = {
			isa = PBXTargetDependency;
			target = 65DC12461D51881D00C458F5 /* calabash_default */;
			targetProxy = 65DC12671D51881D00C458F5 /* PBXContainerItemProxy */;
		};
/* End PBXTargetDependency section */

/* Begin PBXVariantGroup section */
		65DC124E1D51881D00C458F5 /* Main.storyboard */ = {
			isa = PBXVariantGroup;
			children = (
				65DC124F1D51881D00C458F5 /* Base */,
			);
			name = Main.storyboard;
			sourceTree = "<group>";
		};
		65DC12531D51881D00C458F5 /* LaunchScreen.storyboard */ = {
			isa = PBXVariantGroup;
			children = (
				65DC12541D51881D00C458F5 /* Base */,
			);
			name = LaunchScreen.storyboard;
			sourceTree = "<group>";
		};
/* End PBXVariantGroup section */

/* Begin XCBuildConfiguration section */
		65DC126D1D51881D00C458F5 /* Debug */ = {
			isa = XCBuildConfiguration;
			buildSettings = {
				ALWAYS_SEARCH_USER_PATHS = NO;
				CLANG_ANALYZER_NONNULL = YES;
				CLANG_CXX_LANGUAGE_STANDARD = "gnu++0x";
				CLANG_CXX_LIBRARY = "libc++";
				CLANG_ENABLE_MODULES = YES;
				CLANG_ENABLE_OBJC_ARC = YES;
				CLANG_WARN_BOOL_CONVERSION = YES;
				CLANG_WARN_CONSTANT_CONVERSION = YES;
				CLANG_WARN_DIRECT_OBJC_ISA_USAGE = YES_ERROR;
				CLANG_WARN_EMPTY_BODY = YES;
				CLANG_WARN_ENUM_CONVERSION = YES;
				CLANG_WARN_INT_CONVERSION = YES;
				CLANG_WARN_OBJC_ROOT_CLASS = YES_ERROR;
				CLANG_WARN_UNREACHABLE_CODE = YES;
				CLANG_WARN__DUPLICATE_METHOD_MATCH = YES;
				"CODE_SIGN_IDENTITY[sdk=iphoneos*]" = "iPhone Developer";
				COPY_PHASE_STRIP = NO;
				DEBUG_INFORMATION_FORMAT = dwarf;
				ENABLE_STRICT_OBJC_MSGSEND = YES;
				ENABLE_TESTABILITY = YES;
				GCC_C_LANGUAGE_STANDARD = gnu99;
				GCC_DYNAMIC_NO_PIC = NO;
				GCC_NO_COMMON_BLOCKS = YES;
				GCC_OPTIMIZATION_LEVEL = 0;
				GCC_PREPROCESSOR_DEFINITIONS = (
					"DEBUG=1",
					"$(inherited)",
				);
				GCC_WARN_64_TO_32_BIT_CONVERSION = YES;
				GCC_WARN_ABOUT_RETURN_TYPE = YES_ERROR;
				GCC_WARN_UNDECLARED_SELECTOR = YES;
				GCC_WARN_UNINITIALIZED_AUTOS = YES_AGGRESSIVE;
				GCC_WARN_UNUSED_FUNCTION = YES;
				GCC_WARN_UNUSED_VARIABLE = YES;
				IPHONEOS_DEPLOYMENT_TARGET = 9.3;
				MTL_ENABLE_DEBUG_INFO = YES;
				ONLY_ACTIVE_ARCH = YES;
				SDKROOT = iphoneos;
				SWIFT_OPTIMIZATION_LEVEL = "-Onone";
				TARGETED_DEVICE_FAMILY = "1,2";
			};
			name = Debug;
		};
		65DC126E1D51881D00C458F5 /* Release */ = {
			isa = XCBuildConfiguration;
			buildSettings = {
				ALWAYS_SEARCH_USER_PATHS = NO;
				CLANG_ANALYZER_NONNULL = YES;
				CLANG_CXX_LANGUAGE_STANDARD = "gnu++0x";
				CLANG_CXX_LIBRARY = "libc++";
				CLANG_ENABLE_MODULES = YES;
				CLANG_ENABLE_OBJC_ARC = YES;
				CLANG_WARN_BOOL_CONVERSION = YES;
				CLANG_WARN_CONSTANT_CONVERSION = YES;
				CLANG_WARN_DIRECT_OBJC_ISA_USAGE = YES_ERROR;
				CLANG_WARN_EMPTY_BODY = YES;
				CLANG_WARN_ENUM_CONVERSION = YES;
				CLANG_WARN_INT_CONVERSION = YES;
				CLANG_WARN_OBJC_ROOT_CLASS = YES_ERROR;
				CLANG_WARN_UNREACHABLE_CODE = YES;
				CLANG_WARN__DUPLICATE_METHOD_MATCH = YES;
				"CODE_SIGN_IDENTITY[sdk=iphoneos*]" = "iPhone Developer";
				COPY_PHASE_STRIP = NO;
				DEBUG_INFORMATION_FORMAT = "dwarf-with-dsym";
				ENABLE_NS_ASSERTIONS = NO;
				ENABLE_STRICT_OBJC_MSGSEND = YES;
				GCC_C_LANGUAGE_STANDARD = gnu99;
				GCC_NO_COMMON_BLOCKS = YES;
				GCC_WARN_64_TO_32_BIT_CONVERSION = YES;
				GCC_WARN_ABOUT_RETURN_TYPE = YES_ERROR;
				GCC_WARN_UNDECLARED_SELECTOR = YES;
				GCC_WARN_UNINITIALIZED_AUTOS = YES_AGGRESSIVE;
				GCC_WARN_UNUSED_FUNCTION = YES;
				GCC_WARN_UNUSED_VARIABLE = YES;
				IPHONEOS_DEPLOYMENT_TARGET = 9.3;
				MTL_ENABLE_DEBUG_INFO = NO;
				SDKROOT = iphoneos;
				TARGETED_DEVICE_FAMILY = "1,2";
				VALIDATE_PRODUCT = YES;
			};
			name = Release;
		};
		65DC12701D51881D00C458F5 /* Debug */ = {
			isa = XCBuildConfiguration;
			buildSettings = {
				ASSETCATALOG_COMPILER_APPICON_NAME = AppIcon;
				INFOPLIST_FILE = calabash_default/Info.plist;
				LD_RUNPATH_SEARCH_PATHS = "$(inherited) @executable_path/Frameworks";
				OTHER_LDFLAGS = (
					"-ObjC",
					"-force_load",
					"\"$(SOURCE_ROOT)/calabash.framework/calabash\"",
					"-framework",
					CFNetwork,
				);
				PRODUCT_BUNDLE_IDENTIFIER = "br.com.TulioBZ.calabash-default";
				PRODUCT_NAME = "$(TARGET_NAME)";
			};
			name = Debug;
		};
		65DC12711D51881D00C458F5 /* Release */ = {
			isa = XCBuildConfiguration;
			buildSettings = {
				ASSETCATALOG_COMPILER_APPICON_NAME = AppIcon;
				INFOPLIST_FILE = calabash_default/Info.plist;
				LD_RUNPATH_SEARCH_PATHS = "$(inherited) @executable_path/Frameworks";
				PRODUCT_BUNDLE_IDENTIFIER = "br.com.TulioBZ.calabash-default";
				PRODUCT_NAME = "$(TARGET_NAME)";
			};
			name = Release;
		};
		65DC12731D51881D00C458F5 /* Debug */ = {
			isa = XCBuildConfiguration;
			buildSettings = {
				BUNDLE_LOADER = "$(TEST_HOST)";
				INFOPLIST_FILE = calabash_defaultTests/Info.plist;
				LD_RUNPATH_SEARCH_PATHS = "$(inherited) @executable_path/Frameworks @loader_path/Frameworks";
				PRODUCT_BUNDLE_IDENTIFIER = "br.com.TulioBZ.calabash-defaultTests";
				PRODUCT_NAME = "$(TARGET_NAME)";
				TEST_HOST = "$(BUILT_PRODUCTS_DIR)/calabash_default.app/calabash_default";
			};
			name = Debug;
		};
		65DC12741D51881D00C458F5 /* Release */ = {
			isa = XCBuildConfiguration;
			buildSettings = {
				BUNDLE_LOADER = "$(TEST_HOST)";
				INFOPLIST_FILE = calabash_defaultTests/Info.plist;
				LD_RUNPATH_SEARCH_PATHS = "$(inherited) @executable_path/Frameworks @loader_path/Frameworks";
				PRODUCT_BUNDLE_IDENTIFIER = "br.com.TulioBZ.calabash-defaultTests";
				PRODUCT_NAME = "$(TARGET_NAME)";
				TEST_HOST = "$(BUILT_PRODUCTS_DIR)/calabash_default.app/calabash_default";
			};
			name = Release;
		};
		65DC12761D51881D00C458F5 /* Debug */ = {
			isa = XCBuildConfiguration;
			buildSettings = {
				INFOPLIST_FILE = calabash_defaultUITests/Info.plist;
				LD_RUNPATH_SEARCH_PATHS = "$(inherited) @executable_path/Frameworks @loader_path/Frameworks";
				PRODUCT_BUNDLE_IDENTIFIER = "br.com.TulioBZ.calabash-defaultUITests";
				PRODUCT_NAME = "$(TARGET_NAME)";
				TEST_TARGET_NAME = calabash_default;
			};
			name = Debug;
		};
		65DC12771D51881D00C458F5 /* Release */ = {
			isa = XCBuildConfiguration;
			buildSettings = {
				INFOPLIST_FILE = calabash_defaultUITests/Info.plist;
				LD_RUNPATH_SEARCH_PATHS = "$(inherited) @executable_path/Frameworks @loader_path/Frameworks";
				PRODUCT_BUNDLE_IDENTIFIER = "br.com.TulioBZ.calabash-defaultUITests";
				PRODUCT_NAME = "$(TARGET_NAME)";
				TEST_TARGET_NAME = calabash_default;
			};
			name = Release;
		};
/* End XCBuildConfiguration section */

/* Begin XCConfigurationList section */
		65DC12421D51881D00C458F5 /* Build configuration list for PBXProject "calabash_default" */ = {
			isa = XCConfigurationList;
			buildConfigurations = (
				65DC126D1D51881D00C458F5 /* Debug */,
				65DC126E1D51881D00C458F5 /* Release */,
			);
			defaultConfigurationIsVisible = 0;
			defaultConfigurationName = Release;
		};
		65DC126F1D51881D00C458F5 /* Build configuration list for PBXNativeTarget "calabash_default" */ = {
			isa = XCConfigurationList;
			buildConfigurations = (
				65DC12701D51881D00C458F5 /* Debug */,
				65DC12711D51881D00C458F5 /* Release */,
			);
			defaultConfigurationIsVisible = 0;
			defaultConfigurationName = Release;
		};
		65DC12721D51881D00C458F5 /* Build configuration list for PBXNativeTarget "calabash_defaultTests" */ = {
			isa = XCConfigurationList;
			buildConfigurations = (
				65DC12731D51881D00C458F5 /* Debug */,
				65DC12741D51881D00C458F5 /* Release */,
			);
			defaultConfigurationIsVisible = 0;
			defaultConfigurationName = Release;
		};
		65DC12751D51881D00C458F5 /* Build configuration list for PBXNativeTarget "calabash_defaultUITests" */ = {
			isa = XCConfigurationList;
			buildConfigurations = (
				65DC12761D51881D00C458F5 /* Debug */,
				65DC12771D51881D00C458F5 /* Release */,
			);
			defaultConfigurationIsVisible = 0;
			defaultConfigurationName = Release;
		};
/* End XCConfigurationList section */
	};
	rootObject = 65DC123F1D51881D00C458F5 /* Project object */;
}
